
Microsoft Visual Studio Solution File, Format Version 12.00
# Visual Studio 2013
VisualStudioVersion = 12.0.20623.1 VSUPREVIEW
MinimumVisualStudioVersion = 10.0.40219.1
Project("{2150E333-8FDC-42A3-9474-1A3956D46DE8}") = "Dominio", "Dominio", "{58730C71-9E62-4304-B244-DC2776BCDF02}"
EndProject
Project("{2150E333-8FDC-42A3-9474-1A3956D46DE8}") = "ServicosDaAplicacao", "ServicosDaAplicacao", "{8DCDEA66-8731-4EFC-BF5F-28A272BD1613}"
EndProject
Project("{2150E333-8FDC-42A3-9474-1A3956D46DE8}") = "DTO", "DTO", "{E4223243-A620-4536-AC22-B4960AD93461}"
EndProject
Project("{2150E333-8FDC-42A3-9474-1A3956D46DE8}") = "Testes", "Testes", "{696A06AD-E413-4A78-822F-7265954C2C57}"
EndProject
Project("{2150E333-8FDC-42A3-9474-1A3956D46DE8}") = "Solution Items", "Solution Items", "{631BD3B0-623D-427D-856F-9677B7959C2C}"
	ProjectSection(SolutionItems) = preProject
		Cotacao.vsmdi = Cotacao.vsmdi
		Local.testsettings = Local.testsettings
		TraceAndTestImpact.testsettings = TraceAndTestImpact.testsettings
	EndProjectSection
EndProject
Project("{FAE04EC0-301F-11D3-BF4B-00C04F79EFBC}") = "TesteSemAcessarBancoDeDados", "TesteSemAcessarBancoDeDados\TesteSemAcessarBancoDeDados.csproj", "{BFA1F987-563D-4CA7-8AB2-6623080DE8E9}"
EndProject
Project("{FAE04EC0-301F-11D3-BF4B-00C04F79EFBC}") = "TestesQueAcessamBancoDeDados", "TestesQueAcessamBancoDeDados\TestesQueAcessamBancoDeDados.csproj", "{DBD9A885-F2CC-4D0B-B547-C233AB35B743}"
EndProject
Project("{2150E333-8FDC-42A3-9474-1A3956D46DE8}") = "UI", "UI", "{D8E272C9-6DC0-4BA6-BBF5-C78B08237D3D}"
EndProject
Project("{FAE04EC0-301F-11D3-BF4B-00C04F79EFBC}") = "frwTela", "frwTela\frwTela.csproj", "{66406753-FEF2-4A51-8F3A-5B4CA569306C}"
EndProject
Project("{2150E333-8FDC-42A3-9474-1A3956D46DE8}") = "Infra", "Infra", "{6BC89F85-F0C8-4751-94BE-8E8E6F52B90B}"
EndProject
Project("{FAE04EC0-301F-11D3-BF4B-00C04F79EFBC}") = "TraderWizard.Enumeracoes", "TraderWizard.Enumeracoes\TraderWizard.Enumeracoes.csproj", "{AA04D3D2-F5CE-4D2E-A9AF-A304638AC603}"
EndProject
Project("{FAE04EC0-301F-11D3-BF4B-00C04F79EFBC}") = "DataBase", "DataBase\DataBase.csproj", "{CC20BB02-78E9-487E-A9EC-6BFC64D2B0CB}"
EndProject
Project("{FAE04EC0-301F-11D3-BF4B-00C04F79EFBC}") = "prjConfiguracao", "prjConfiguracao\prjConfiguracao.csproj", "{B9DCD706-44A1-4B5F-BF93-5C0A3F9BD6D5}"
EndProject
Project("{FAE04EC0-301F-11D3-BF4B-00C04F79EFBC}") = "prjDTO", "prjDTO\prjDTO.csproj", "{BD01A0C5-77D7-4FAA-A662-38EA575DED34}"
EndProject
Project("{FAE04EC0-301F-11D3-BF4B-00C04F79EFBC}") = "Desenho", "prjCandle\Desenho.csproj", "{90CF8CCF-C0C3-45E8-ACCA-00E354837E5F}"
EndProject
Project("{FAE04EC0-301F-11D3-BF4B-00C04F79EFBC}") = "pWeb", "pWeb\pWeb.csproj", "{A902DC79-0E9C-4C2D-894E-8301DB0D9849}"
EndProject
Project("{FAE04EC0-301F-11D3-BF4B-00C04F79EFBC}") = "prjDominio", "prjDominio\prjDominio.csproj", "{9DAFFBC6-2218-40FF-BDF9-86774B91DA7A}"
EndProject
Project("{FAE04EC0-301F-11D3-BF4B-00C04F79EFBC}") = "prjServicoNegocio", "prjServicoNegocio\prjServicoNegocio.csproj", "{E03891F1-F42B-4141-B2AF-FA405D710B22}"
EndProject
Project("{FAE04EC0-301F-11D3-BF4B-00C04F79EFBC}") = "prmCotacao", "prmCotacao\prmCotacao.csproj", "{33BF35FD-D037-46C7-BC26-024AA54481EC}"
EndProject
Project("{FAE04EC0-301F-11D3-BF4B-00C04F79EFBC}") = "ServicosDeInterface", "ServicosDeInterface\ServicosDeInterface.csproj", "{D0B52B8A-8A9C-4E34-B324-745E7A126573}"
EndProject
Project("{FAE04EC0-301F-11D3-BF4B-00C04F79EFBC}") = "TesteBase", "TesteBase\TesteBase.csproj", "{C3B553DF-A41A-41B0-A58A-AC0823D2E1F3}"
EndProject
Project("{FAE04EC0-301F-11D3-BF4B-00C04F79EFBC}") = "Forms", "Forms\Forms.csproj", "{437E9094-1DAE-49E1-BA89-B08869AE7A19}"
EndProject
Project("{FAE04EC0-301F-11D3-BF4B-00C04F79EFBC}") = "Services", "Services\Services.csproj", "{8BAE22CC-832B-4151-8B2F-222403B12F8B}"
EndProject
Project("{FAE04EC0-301F-11D3-BF4B-00C04F79EFBC}") = "TraderWizard.Infra.Repositorio", "TraderWizard.Infra.Repositorio\TraderWizard.Infra.Repositorio.csproj", "{ABD88985-5583-4D96-9E41-7AB3842DC1F9}"
EndProject
Project("{2150E333-8FDC-42A3-9474-1A3956D46DE8}") = "Extensoes", "Extensoes", "{3D792207-A703-4B62-A243-05E90D68BE47}"
EndProject
Project("{FAE04EC0-301F-11D3-BF4B-00C04F79EFBC}") = "TraderWizard.Extensoes", "TraderWizard.Extensoes\TraderWizard.Extensoes.csproj", "{D6DB2ACC-0F07-406A-B105-8E509FCA45F6}"
EndProject
Project("{F088123C-0E9E-452A-89E6-6BA2F21D5CAC}") = "TraderWizard.Modelagem", "TraderWizard.Modelagem\TraderWizard.Modelagem.modelproj", "{FED3F48B-4F0D-4999-802F-5A60D71739A2}"
EndProject
Global
	GlobalSection(TestCaseManagementSettings) = postSolution
		CategoryFile = Cotacao.vsmdi
	EndGlobalSection
	GlobalSection(SolutionConfigurationPlatforms) = preSolution
		Debug|Any CPU = Debug|Any CPU
		Debug|Mixed Platforms = Debug|Mixed Platforms
		Debug|x86 = Debug|x86
		Release|Any CPU = Release|Any CPU
		Release|Mixed Platforms = Release|Mixed Platforms
		Release|x86 = Release|x86
	EndGlobalSection
	GlobalSection(ProjectConfigurationPlatforms) = postSolution
		{BFA1F987-563D-4CA7-8AB2-6623080DE8E9}.Debug|Any CPU.ActiveCfg = Debug|Any CPU
		{BFA1F987-563D-4CA7-8AB2-6623080DE8E9}.Debug|Any CPU.Build.0 = Debug|Any CPU
		{BFA1F987-563D-4CA7-8AB2-6623080DE8E9}.Debug|Mixed Platforms.ActiveCfg = Debug|Any CPU
		{BFA1F987-563D-4CA7-8AB2-6623080DE8E9}.Debug|Mixed Platforms.Build.0 = Debug|Any CPU
		{BFA1F987-563D-4CA7-8AB2-6623080DE8E9}.Debug|x86.ActiveCfg = Debug|Any CPU
		{BFA1F987-563D-4CA7-8AB2-6623080DE8E9}.Debug|x86.Build.0 = Debug|Any CPU
		{BFA1F987-563D-4CA7-8AB2-6623080DE8E9}.Release|Any CPU.ActiveCfg = Release|Any CPU
		{BFA1F987-563D-4CA7-8AB2-6623080DE8E9}.Release|Any CPU.Build.0 = Release|Any CPU
		{BFA1F987-563D-4CA7-8AB2-6623080DE8E9}.Release|Mixed Platforms.ActiveCfg = Release|Any CPU
		{BFA1F987-563D-4CA7-8AB2-6623080DE8E9}.Release|Mixed Platforms.Build.0 = Release|Any CPU
		{BFA1F987-563D-4CA7-8AB2-6623080DE8E9}.Release|x86.ActiveCfg = Release|Any CPU
		{BFA1F987-563D-4CA7-8AB2-6623080DE8E9}.Release|x86.Build.0 = Release|Any CPU
		{DBD9A885-F2CC-4D0B-B547-C233AB35B743}.Debug|Any CPU.ActiveCfg = Debug|Any CPU
		{DBD9A885-F2CC-4D0B-B547-C233AB35B743}.Debug|Any CPU.Build.0 = Debug|Any CPU
		{DBD9A885-F2CC-4D0B-B547-C233AB35B743}.Debug|Mixed Platforms.ActiveCfg = Debug|Any CPU
		{DBD9A885-F2CC-4D0B-B547-C233AB35B743}.Debug|Mixed Platforms.Build.0 = Debug|Any CPU
		{DBD9A885-F2CC-4D0B-B547-C233AB35B743}.Debug|x86.ActiveCfg = Debug|Any CPU
		{DBD9A885-F2CC-4D0B-B547-C233AB35B743}.Debug|x86.Build.0 = Debug|Any CPU
		{DBD9A885-F2CC-4D0B-B547-C233AB35B743}.Release|Any CPU.ActiveCfg = Release|Any CPU
		{DBD9A885-F2CC-4D0B-B547-C233AB35B743}.Release|Any CPU.Build.0 = Release|Any CPU
		{DBD9A885-F2CC-4D0B-B547-C233AB35B743}.Release|Mixed Platforms.ActiveCfg = Release|Any CPU
		{DBD9A885-F2CC-4D0B-B547-C233AB35B743}.Release|Mixed Platforms.Build.0 = Release|Any CPU
		{DBD9A885-F2CC-4D0B-B547-C233AB35B743}.Release|x86.ActiveCfg = Release|Any CPU
		{DBD9A885-F2CC-4D0B-B547-C233AB35B743}.Release|x86.Build.0 = Release|Any CPU
		{66406753-FEF2-4A51-8F3A-5B4CA569306C}.Debug|Any CPU.ActiveCfg = Debug|Any CPU
		{66406753-FEF2-4A51-8F3A-5B4CA569306C}.Debug|Any CPU.Build.0 = Debug|Any CPU
		{66406753-FEF2-4A51-8F3A-5B4CA569306C}.Debug|Mixed Platforms.ActiveCfg = Debug|Any CPU
		{66406753-FEF2-4A51-8F3A-5B4CA569306C}.Debug|Mixed Platforms.Build.0 = Debug|Any CPU
		{66406753-FEF2-4A51-8F3A-5B4CA569306C}.Debug|x86.ActiveCfg = Debug|Any CPU
		{66406753-FEF2-4A51-8F3A-5B4CA569306C}.Debug|x86.Build.0 = Debug|Any CPU
		{66406753-FEF2-4A51-8F3A-5B4CA569306C}.Release|Any CPU.ActiveCfg = Release|Any CPU
		{66406753-FEF2-4A51-8F3A-5B4CA569306C}.Release|Any CPU.Build.0 = Release|Any CPU
		{66406753-FEF2-4A51-8F3A-5B4CA569306C}.Release|Mixed Platforms.ActiveCfg = Release|Any CPU
		{66406753-FEF2-4A51-8F3A-5B4CA569306C}.Release|Mixed Platforms.Build.0 = Release|Any CPU
		{66406753-FEF2-4A51-8F3A-5B4CA569306C}.Release|x86.ActiveCfg = Release|Any CPU
		{66406753-FEF2-4A51-8F3A-5B4CA569306C}.Release|x86.Build.0 = Release|Any CPU
		{AA04D3D2-F5CE-4D2E-A9AF-A304638AC603}.Debug|Any CPU.ActiveCfg = Debug|Any CPU
		{AA04D3D2-F5CE-4D2E-A9AF-A304638AC603}.Debug|Any CPU.Build.0 = Debug|Any CPU
		{AA04D3D2-F5CE-4D2E-A9AF-A304638AC603}.Debug|Mixed Platforms.ActiveCfg = Debug|Any CPU
		{AA04D3D2-F5CE-4D2E-A9AF-A304638AC603}.Debug|Mixed Platforms.Build.0 = Debug|Any CPU
		{AA04D3D2-F5CE-4D2E-A9AF-A304638AC603}.Debug|x86.ActiveCfg = Debug|Any CPU
		{AA04D3D2-F5CE-4D2E-A9AF-A304638AC603}.Debug|x86.Build.0 = Debug|Any CPU
		{AA04D3D2-F5CE-4D2E-A9AF-A304638AC603}.Release|Any CPU.ActiveCfg = Release|Any CPU
		{AA04D3D2-F5CE-4D2E-A9AF-A304638AC603}.Release|Any CPU.Build.0 = Release|Any CPU
		{AA04D3D2-F5CE-4D2E-A9AF-A304638AC603}.Release|Mixed Platforms.ActiveCfg = Release|Any CPU
		{AA04D3D2-F5CE-4D2E-A9AF-A304638AC603}.Release|Mixed Platforms.Build.0 = Release|Any CPU
		{AA04D3D2-F5CE-4D2E-A9AF-A304638AC603}.Release|x86.ActiveCfg = Release|Any CPU
		{AA04D3D2-F5CE-4D2E-A9AF-A304638AC603}.Release|x86.Build.0 = Release|Any CPU
		{CC20BB02-78E9-487E-A9EC-6BFC64D2B0CB}.Debug|Any CPU.ActiveCfg = Debug|Any CPU
		{CC20BB02-78E9-487E-A9EC-6BFC64D2B0CB}.Debug|Any CPU.Build.0 = Debug|Any CPU
		{CC20BB02-78E9-487E-A9EC-6BFC64D2B0CB}.Debug|Mixed Platforms.ActiveCfg = Debug|Any CPU
		{CC20BB02-78E9-487E-A9EC-6BFC64D2B0CB}.Debug|Mixed Platforms.Build.0 = Debug|Any CPU
		{CC20BB02-78E9-487E-A9EC-6BFC64D2B0CB}.Debug|x86.ActiveCfg = Debug|Any CPU
		{CC20BB02-78E9-487E-A9EC-6BFC64D2B0CB}.Release|Any CPU.ActiveCfg = Release|Any CPU
		{CC20BB02-78E9-487E-A9EC-6BFC64D2B0CB}.Release|Any CPU.Build.0 = Release|Any CPU
		{CC20BB02-78E9-487E-A9EC-6BFC64D2B0CB}.Release|Mixed Platforms.ActiveCfg = Release|Any CPU
		{CC20BB02-78E9-487E-A9EC-6BFC64D2B0CB}.Release|Mixed Platforms.Build.0 = Release|Any CPU
		{CC20BB02-78E9-487E-A9EC-6BFC64D2B0CB}.Release|x86.ActiveCfg = Release|Any CPU
		{B9DCD706-44A1-4B5F-BF93-5C0A3F9BD6D5}.Debug|Any CPU.ActiveCfg = Debug|Any CPU
		{B9DCD706-44A1-4B5F-BF93-5C0A3F9BD6D5}.Debug|Any CPU.Build.0 = Debug|Any CPU
		{B9DCD706-44A1-4B5F-BF93-5C0A3F9BD6D5}.Debug|Mixed Platforms.ActiveCfg = Debug|Any CPU
		{B9DCD706-44A1-4B5F-BF93-5C0A3F9BD6D5}.Debug|Mixed Platforms.Build.0 = Debug|Any CPU
		{B9DCD706-44A1-4B5F-BF93-5C0A3F9BD6D5}.Debug|x86.ActiveCfg = Debug|Any CPU
		{B9DCD706-44A1-4B5F-BF93-5C0A3F9BD6D5}.Release|Any CPU.ActiveCfg = Release|Any CPU
		{B9DCD706-44A1-4B5F-BF93-5C0A3F9BD6D5}.Release|Any CPU.Build.0 = Release|Any CPU
		{B9DCD706-44A1-4B5F-BF93-5C0A3F9BD6D5}.Release|Mixed Platforms.ActiveCfg = Release|Any CPU
		{B9DCD706-44A1-4B5F-BF93-5C0A3F9BD6D5}.Release|Mixed Platforms.Build.0 = Release|Any CPU
		{B9DCD706-44A1-4B5F-BF93-5C0A3F9BD6D5}.Release|x86.ActiveCfg = Release|Any CPU
		{BD01A0C5-77D7-4FAA-A662-38EA575DED34}.Debug|Any CPU.ActiveCfg = Debug|Any CPU
		{BD01A0C5-77D7-4FAA-A662-38EA575DED34}.Debug|Any CPU.Build.0 = Debug|Any CPU
		{BD01A0C5-77D7-4FAA-A662-38EA575DED34}.Debug|Mixed Platforms.ActiveCfg = Debug|Any CPU
		{BD01A0C5-77D7-4FAA-A662-38EA575DED34}.Debug|Mixed Platforms.Build.0 = Debug|Any CPU
		{BD01A0C5-77D7-4FAA-A662-38EA575DED34}.Debug|x86.ActiveCfg = Debug|Any CPU
		{BD01A0C5-77D7-4FAA-A662-38EA575DED34}.Release|Any CPU.ActiveCfg = Release|Any CPU
		{BD01A0C5-77D7-4FAA-A662-38EA575DED34}.Release|Any CPU.Build.0 = Release|Any CPU
		{BD01A0C5-77D7-4FAA-A662-38EA575DED34}.Release|Mixed Platforms.ActiveCfg = Release|Any CPU
		{BD01A0C5-77D7-4FAA-A662-38EA575DED34}.Release|Mixed Platforms.Build.0 = Release|Any CPU
		{BD01A0C5-77D7-4FAA-A662-38EA575DED34}.Release|x86.ActiveCfg = Release|Any CPU
		{90CF8CCF-C0C3-45E8-ACCA-00E354837E5F}.Debug|Any CPU.ActiveCfg = Debug|Any CPU
		{90CF8CCF-C0C3-45E8-ACCA-00E354837E5F}.Debug|Any CPU.Build.0 = Debug|Any CPU
		{90CF8CCF-C0C3-45E8-ACCA-00E354837E5F}.Debug|Mixed Platforms.ActiveCfg = Debug|Any CPU
		{90CF8CCF-C0C3-45E8-ACCA-00E354837E5F}.Debug|Mixed Platforms.Build.0 = Debug|Any CPU
		{90CF8CCF-C0C3-45E8-ACCA-00E354837E5F}.Debug|x86.ActiveCfg = Debug|Any CPU
		{90CF8CCF-C0C3-45E8-ACCA-00E354837E5F}.Release|Any CPU.ActiveCfg = Release|Any CPU
		{90CF8CCF-C0C3-45E8-ACCA-00E354837E5F}.Release|Any CPU.Build.0 = Release|Any CPU
		{90CF8CCF-C0C3-45E8-ACCA-00E354837E5F}.Release|Mixed Platforms.ActiveCfg = Release|Any CPU
		{90CF8CCF-C0C3-45E8-ACCA-00E354837E5F}.Release|Mixed Platforms.Build.0 = Release|Any CPU
		{90CF8CCF-C0C3-45E8-ACCA-00E354837E5F}.Release|x86.ActiveCfg = Release|Any CPU
		{A902DC79-0E9C-4C2D-894E-8301DB0D9849}.Debug|Any CPU.ActiveCfg = Debug|Any CPU
		{A902DC79-0E9C-4C2D-894E-8301DB0D9849}.Debug|Any CPU.Build.0 = Debug|Any CPU
		{A902DC79-0E9C-4C2D-894E-8301DB0D9849}.Debug|Mixed Platforms.ActiveCfg = Debug|Any CPU
		{A902DC79-0E9C-4C2D-894E-8301DB0D9849}.Debug|Mixed Platforms.Build.0 = Debug|Any CPU
		{A902DC79-0E9C-4C2D-894E-8301DB0D9849}.Debug|x86.ActiveCfg = Debug|Any CPU
		{A902DC79-0E9C-4C2D-894E-8301DB0D9849}.Release|Any CPU.ActiveCfg = Release|Any CPU
		{A902DC79-0E9C-4C2D-894E-8301DB0D9849}.Release|Any CPU.Build.0 = Release|Any CPU
		{A902DC79-0E9C-4C2D-894E-8301DB0D9849}.Release|Mixed Platforms.ActiveCfg = Release|Any CPU
		{A902DC79-0E9C-4C2D-894E-8301DB0D9849}.Release|Mixed Platforms.Build.0 = Release|Any CPU
		{A902DC79-0E9C-4C2D-894E-8301DB0D9849}.Release|x86.ActiveCfg = Release|Any CPU
		{9DAFFBC6-2218-40FF-BDF9-86774B91DA7A}.Debug|Any CPU.ActiveCfg = Debug|Any CPU
		{9DAFFBC6-2218-40FF-BDF9-86774B91DA7A}.Debug|Any CPU.Build.0 = Debug|Any CPU
		{9DAFFBC6-2218-40FF-BDF9-86774B91DA7A}.Debug|Mixed Platforms.ActiveCfg = Debug|Any CPU
		{9DAFFBC6-2218-40FF-BDF9-86774B91DA7A}.Debug|Mixed Platforms.Build.0 = Debug|Any CPU
		{9DAFFBC6-2218-40FF-BDF9-86774B91DA7A}.Debug|x86.ActiveCfg = Debug|Any CPU
		{9DAFFBC6-2218-40FF-BDF9-86774B91DA7A}.Release|Any CPU.ActiveCfg = Release|Any CPU
		{9DAFFBC6-2218-40FF-BDF9-86774B91DA7A}.Release|Any CPU.Build.0 = Release|Any CPU
		{9DAFFBC6-2218-40FF-BDF9-86774B91DA7A}.Release|Mixed Platforms.ActiveCfg = Release|Any CPU
		{9DAFFBC6-2218-40FF-BDF9-86774B91DA7A}.Release|Mixed Platforms.Build.0 = Release|Any CPU
		{9DAFFBC6-2218-40FF-BDF9-86774B91DA7A}.Release|x86.ActiveCfg = Release|Any CPU
		{E03891F1-F42B-4141-B2AF-FA405D710B22}.Debug|Any CPU.ActiveCfg = Debug|Any CPU
		{E03891F1-F42B-4141-B2AF-FA405D710B22}.Debug|Any CPU.Build.0 = Debug|Any CPU
		{E03891F1-F42B-4141-B2AF-FA405D710B22}.Debug|Mixed Platforms.ActiveCfg = Debug|Any CPU
		{E03891F1-F42B-4141-B2AF-FA405D710B22}.Debug|Mixed Platforms.Build.0 = Debug|Any CPU
		{E03891F1-F42B-4141-B2AF-FA405D710B22}.Debug|x86.ActiveCfg = Debug|Any CPU
		{E03891F1-F42B-4141-B2AF-FA405D710B22}.Release|Any CPU.ActiveCfg = Release|Any CPU
		{E03891F1-F42B-4141-B2AF-FA405D710B22}.Release|Any CPU.Build.0 = Release|Any CPU
		{E03891F1-F42B-4141-B2AF-FA405D710B22}.Release|Mixed Platforms.ActiveCfg = Release|Any CPU
		{E03891F1-F42B-4141-B2AF-FA405D710B22}.Release|Mixed Platforms.Build.0 = Release|Any CPU
		{E03891F1-F42B-4141-B2AF-FA405D710B22}.Release|x86.ActiveCfg = Release|Any CPU
		{33BF35FD-D037-46C7-BC26-024AA54481EC}.Debug|Any CPU.ActiveCfg = Debug|Any CPU
		{33BF35FD-D037-46C7-BC26-024AA54481EC}.Debug|Any CPU.Build.0 = Debug|Any CPU
		{33BF35FD-D037-46C7-BC26-024AA54481EC}.Debug|Mixed Platforms.ActiveCfg = Debug|Any CPU
		{33BF35FD-D037-46C7-BC26-024AA54481EC}.Debug|Mixed Platforms.Build.0 = Debug|Any CPU
		{33BF35FD-D037-46C7-BC26-024AA54481EC}.Debug|x86.ActiveCfg = Debug|Any CPU
		{33BF35FD-D037-46C7-BC26-024AA54481EC}.Release|Any CPU.ActiveCfg = Release|Any CPU
		{33BF35FD-D037-46C7-BC26-024AA54481EC}.Release|Any CPU.Build.0 = Release|Any CPU
		{33BF35FD-D037-46C7-BC26-024AA54481EC}.Release|Mixed Platforms.ActiveCfg = Release|Any CPU
		{33BF35FD-D037-46C7-BC26-024AA54481EC}.Release|Mixed Platforms.Build.0 = Release|Any CPU
		{33BF35FD-D037-46C7-BC26-024AA54481EC}.Release|x86.ActiveCfg = Release|Any CPU
		{D0B52B8A-8A9C-4E34-B324-745E7A126573}.Debug|Any CPU.ActiveCfg = Debug|Any CPU
		{D0B52B8A-8A9C-4E34-B324-745E7A126573}.Debug|Any CPU.Build.0 = Debug|Any CPU
		{D0B52B8A-8A9C-4E34-B324-745E7A126573}.Debug|Mixed Platforms.ActiveCfg = Debug|Any CPU
		{D0B52B8A-8A9C-4E34-B324-745E7A126573}.Debug|Mixed Platforms.Build.0 = Debug|Any CPU
		{D0B52B8A-8A9C-4E34-B324-745E7A126573}.Debug|x86.ActiveCfg = Debug|Any CPU
		{D0B52B8A-8A9C-4E34-B324-745E7A126573}.Release|Any CPU.ActiveCfg = Release|Any CPU
		{D0B52B8A-8A9C-4E34-B324-745E7A126573}.Release|Any CPU.Build.0 = Release|Any CPU
		{D0B52B8A-8A9C-4E34-B324-745E7A126573}.Release|Mixed Platforms.ActiveCfg = Release|Any CPU
		{D0B52B8A-8A9C-4E34-B324-745E7A126573}.Release|Mixed Platforms.Build.0 = Release|Any CPU
		{D0B52B8A-8A9C-4E34-B324-745E7A126573}.Release|x86.ActiveCfg = Release|Any CPU
		{C3B553DF-A41A-41B0-A58A-AC0823D2E1F3}.Debug|Any CPU.ActiveCfg = Debug|Any CPU
		{C3B553DF-A41A-41B0-A58A-AC0823D2E1F3}.Debug|Any CPU.Build.0 = Debug|Any CPU
		{C3B553DF-A41A-41B0-A58A-AC0823D2E1F3}.Debug|Mixed Platforms.ActiveCfg = Debug|Any CPU
		{C3B553DF-A41A-41B0-A58A-AC0823D2E1F3}.Debug|Mixed Platforms.Build.0 = Debug|Any CPU
		{C3B553DF-A41A-41B0-A58A-AC0823D2E1F3}.Debug|x86.ActiveCfg = Debug|Any CPU
		{C3B553DF-A41A-41B0-A58A-AC0823D2E1F3}.Release|Any CPU.ActiveCfg = Release|Any CPU
		{C3B553DF-A41A-41B0-A58A-AC0823D2E1F3}.Release|Any CPU.Build.0 = Release|Any CPU
		{C3B553DF-A41A-41B0-A58A-AC0823D2E1F3}.Release|Mixed Platforms.ActiveCfg = Release|Any CPU
		{C3B553DF-A41A-41B0-A58A-AC0823D2E1F3}.Release|Mixed Platforms.Build.0 = Release|Any CPU
		{C3B553DF-A41A-41B0-A58A-AC0823D2E1F3}.Release|x86.ActiveCfg = Release|Any CPU
		{437E9094-1DAE-49E1-BA89-B08869AE7A19}.Debug|Any CPU.ActiveCfg = Debug|x86
		{437E9094-1DAE-49E1-BA89-B08869AE7A19}.Debug|Mixed Platforms.ActiveCfg = Debug|x86
		{437E9094-1DAE-49E1-BA89-B08869AE7A19}.Debug|Mixed Platforms.Build.0 = Debug|x86
		{437E9094-1DAE-49E1-BA89-B08869AE7A19}.Debug|x86.ActiveCfg = Debug|x86
		{437E9094-1DAE-49E1-BA89-B08869AE7A19}.Debug|x86.Build.0 = Debug|x86
		{437E9094-1DAE-49E1-BA89-B08869AE7A19}.Release|Any CPU.ActiveCfg = Release|x86
		{437E9094-1DAE-49E1-BA89-B08869AE7A19}.Release|Mixed Platforms.ActiveCfg = Release|x86
		{437E9094-1DAE-49E1-BA89-B08869AE7A19}.Release|Mixed Platforms.Build.0 = Release|x86
		{437E9094-1DAE-49E1-BA89-B08869AE7A19}.Release|x86.ActiveCfg = Release|x86
		{437E9094-1DAE-49E1-BA89-B08869AE7A19}.Release|x86.Build.0 = Release|x86
		{8BAE22CC-832B-4151-8B2F-222403B12F8B}.Debug|Any CPU.ActiveCfg = Debug|Any CPU
		{8BAE22CC-832B-4151-8B2F-222403B12F8B}.Debug|Any CPU.Build.0 = Debug|Any CPU
		{8BAE22CC-832B-4151-8B2F-222403B12F8B}.Debug|Mixed Platforms.ActiveCfg = Debug|Any CPU
		{8BAE22CC-832B-4151-8B2F-222403B12F8B}.Debug|Mixed Platforms.Build.0 = Debug|Any CPU
		{8BAE22CC-832B-4151-8B2F-222403B12F8B}.Debug|x86.ActiveCfg = Debug|Any CPU
		{8BAE22CC-832B-4151-8B2F-222403B12F8B}.Release|Any CPU.ActiveCfg = Release|Any CPU
		{8BAE22CC-832B-4151-8B2F-222403B12F8B}.Release|Any CPU.Build.0 = Release|Any CPU
		{8BAE22CC-832B-4151-8B2F-222403B12F8B}.Release|Mixed Platforms.ActiveCfg = Release|Any CPU
		{8BAE22CC-832B-4151-8B2F-222403B12F8B}.Release|Mixed Platforms.Build.0 = Release|Any CPU
		{8BAE22CC-832B-4151-8B2F-222403B12F8B}.Release|x86.ActiveCfg = Release|Any CPU
		{ABD88985-5583-4D96-9E41-7AB3842DC1F9}.Debug|Any CPU.ActiveCfg = Debug|Any CPU
		{ABD88985-5583-4D96-9E41-7AB3842DC1F9}.Debug|Any CPU.Build.0 = Debug|Any CPU
		{ABD88985-5583-4D96-9E41-7AB3842DC1F9}.Debug|Mixed Platforms.ActiveCfg = Debug|Any CPU
		{ABD88985-5583-4D96-9E41-7AB3842DC1F9}.Debug|Mixed Platforms.Build.0 = Debug|Any CPU
		{ABD88985-5583-4D96-9E41-7AB3842DC1F9}.Debug|x86.ActiveCfg = Debug|Any CPU
		{ABD88985-5583-4D96-9E41-7AB3842DC1F9}.Release|Any CPU.ActiveCfg = Release|Any CPU
		{ABD88985-5583-4D96-9E41-7AB3842DC1F9}.Release|Any CPU.Build.0 = Release|Any CPU
		{ABD88985-5583-4D96-9E41-7AB3842DC1F9}.Release|Mixed Platforms.ActiveCfg = Release|Any CPU
		{ABD88985-5583-4D96-9E41-7AB3842DC1F9}.Release|Mixed Platforms.Build.0 = Release|Any CPU
		{ABD88985-5583-4D96-9E41-7AB3842DC1F9}.Release|x86.ActiveCfg = Release|Any CPU
		{D6DB2ACC-0F07-406A-B105-8E509FCA45F6}.Debug|Any CPU.ActiveCfg = Debug|Any CPU
		{D6DB2ACC-0F07-406A-B105-8E509FCA45F6}.Debug|Any CPU.Build.0 = Debug|Any CPU
		{D6DB2ACC-0F07-406A-B105-8E509FCA45F6}.Debug|Mixed Platforms.ActiveCfg = Debug|Any CPU
		{D6DB2ACC-0F07-406A-B105-8E509FCA45F6}.Debug|Mixed Platforms.Build.0 = Debug|Any CPU
		{D6DB2ACC-0F07-406A-B105-8E509FCA45F6}.Debug|x86.ActiveCfg = Debug|Any CPU
		{D6DB2ACC-0F07-406A-B105-8E509FCA45F6}.Release|Any CPU.ActiveCfg = Release|Any CPU
		{D6DB2ACC-0F07-406A-B105-8E509FCA45F6}.Release|Any CPU.Build.0 = Release|Any CPU
		{D6DB2ACC-0F07-406A-B105-8E509FCA45F6}.Release|Mixed Platforms.ActiveCfg = Release|Any CPU
		{D6DB2ACC-0F07-406A-B105-8E509FCA45F6}.Release|Mixed Platforms.Build.0 = Release|Any CPU
		{D6DB2ACC-0F07-406A-B105-8E509FCA45F6}.Release|x86.ActiveCfg = Release|Any CPU
		{FED3F48B-4F0D-4999-802F-5A60D71739A2}.Debug|Any CPU.ActiveCfg = Debug|Any CPU
		{FED3F48B-4F0D-4999-802F-5A60D71739A2}.Debug|Any CPU.Build.0 = Debug|Any CPU
		{FED3F48B-4F0D-4999-802F-5A60D71739A2}.Debug|Mixed Platforms.ActiveCfg = Debug|Any CPU
		{FED3F48B-4F0D-4999-802F-5A60D71739A2}.Debug|Mixed Platforms.Build.0 = Debug|Any CPU
		{FED3F48B-4F0D-4999-802F-5A60D71739A2}.Debug|x86.ActiveCfg = Debug|Any CPU
		{FED3F48B-4F0D-4999-802F-5A60D71739A2}.Release|Any CPU.ActiveCfg = Release|Any CPU
		{FED3F48B-4F0D-4999-802F-5A60D71739A2}.Release|Any CPU.Build.0 = Release|Any CPU
		{FED3F48B-4F0D-4999-802F-5A60D71739A2}.Release|Mixed Platforms.ActiveCfg = Release|Any CPU
		{FED3F48B-4F0D-4999-802F-5A60D71739A2}.Release|Mixed Platforms.Build.0 = Release|Any CPU
		{FED3F48B-4F0D-4999-802F-5A60D71739A2}.Release|x86.ActiveCfg = Release|Any CPU
	EndGlobalSection
	GlobalSection(SolutionProperties) = preSolution
		HideSolutionNode = FALSE
	EndGlobalSection
	GlobalSection(NestedProjects) = preSolution
		{9DAFFBC6-2218-40FF-BDF9-86774B91DA7A} = {58730C71-9E62-4304-B244-DC2776BCDF02}
		{E03891F1-F42B-4141-B2AF-FA405D710B22} = {8DCDEA66-8731-4EFC-BF5F-28A272BD1613}
		{33BF35FD-D037-46C7-BC26-024AA54481EC} = {8DCDEA66-8731-4EFC-BF5F-28A272BD1613}
		{BD01A0C5-77D7-4FAA-A662-38EA575DED34} = {E4223243-A620-4536-AC22-B4960AD93461}
		{631BD3B0-623D-427D-856F-9677B7959C2C} = {696A06AD-E413-4A78-822F-7265954C2C57}
		{BFA1F987-563D-4CA7-8AB2-6623080DE8E9} = {696A06AD-E413-4A78-822F-7265954C2C57}
		{DBD9A885-F2CC-4D0B-B547-C233AB35B743} = {696A06AD-E413-4A78-822F-7265954C2C57}
		{C3B553DF-A41A-41B0-A58A-AC0823D2E1F3} = {696A06AD-E413-4A78-822F-7265954C2C57}
		{66406753-FEF2-4A51-8F3A-5B4CA569306C} = {D8E272C9-6DC0-4BA6-BBF5-C78B08237D3D}
		{90CF8CCF-C0C3-45E8-ACCA-00E354837E5F} = {D8E272C9-6DC0-4BA6-BBF5-C78B08237D3D}
		{D0B52B8A-8A9C-4E34-B324-745E7A126573} = {D8E272C9-6DC0-4BA6-BBF5-C78B08237D3D}
		{437E9094-1DAE-49E1-BA89-B08869AE7A19} = {D8E272C9-6DC0-4BA6-BBF5-C78B08237D3D}
		{CC20BB02-78E9-487E-A9EC-6BFC64D2B0CB} = {6BC89F85-F0C8-4751-94BE-8E8E6F52B90B}
		{B9DCD706-44A1-4B5F-BF93-5C0A3F9BD6D5} = {6BC89F85-F0C8-4751-94BE-8E8E6F52B90B}
		{A902DC79-0E9C-4C2D-894E-8301DB0D9849} = {6BC89F85-F0C8-4751-94BE-8E8E6F52B90B}
		{8BAE22CC-832B-4151-8B2F-222403B12F8B} = {6BC89F85-F0C8-4751-94BE-8E8E6F52B90B}
		{ABD88985-5583-4D96-9E41-7AB3842DC1F9} = {6BC89F85-F0C8-4751-94BE-8E8E6F52B90B}
		{D6DB2ACC-0F07-406A-B105-8E509FCA45F6} = {3D792207-A703-4B62-A243-05E90D68BE47}
	EndGlobalSection
EndGlobal
